
Microsoft Visual Studio Solution File, Format Version 12.00
# Visual Studio Version 16
VisualStudioVersion = 16.0.31019.35
MinimumVisualStudioVersion = 10.0.40219.1
Project("{9A19103F-16F7-4668-BE54-9A1E7A4F7556}") = "PaychexDataConsolidationTool", "PaychexDataConsolidationTool\PaychexDataConsolidationTool.csproj", "{8892154B-41EC-4432-97D2-A048FE76A890}"
EndProject
Project("{FAE04EC0-301F-11D3-BF4B-00C04F79EFBC}") = "NUnitTestForConsolidationTool", "NUnitTestForConsolidationTool\NUnitTestForConsolidationTool.csproj", "{2A487297-D96C-41A6-8CE0-483B9898256D}"
EndProject
Global
	GlobalSection(SolutionConfigurationPlatforms) = preSolution
		Debug|Any CPU = Debug|Any CPU
		Release|Any CPU = Release|Any CPU
	EndGlobalSection
	GlobalSection(ProjectConfigurationPlatforms) = postSolution
		{8892154B-41EC-4432-97D2-A048FE76A890}.Debug|Any CPU.ActiveCfg = Debug|Any CPU
		{8892154B-41EC-4432-97D2-A048FE76A890}.Debug|Any CPU.Build.0 = Debug|Any CPU
		{8892154B-41EC-4432-97D2-A048FE76A890}.Release|Any CPU.ActiveCfg = Release|Any CPU
		{8892154B-41EC-4432-97D2-A048FE76A890}.Release|Any CPU.Build.0 = Release|Any CPU
		{2A487297-D96C-41A6-8CE0-483B9898256D}.Debug|Any CPU.ActiveCfg = Debug|Any CPU
		{2A487297-D96C-41A6-8CE0-483B9898256D}.Debug|Any CPU.Build.0 = Debug|Any CPU
		{2A487297-D96C-41A6-8CE0-483B9898256D}.Release|Any CPU.ActiveCfg = Release|Any CPU
		{2A487297-D96C-41A6-8CE0-483B9898256D}.Release|Any CPU.Build.0 = Release|Any CPU
	EndGlobalSection
	GlobalSection(SolutionProperties) = preSolution
		HideSolutionNode = FALSE
	EndGlobalSection
	GlobalSection(ExtensibilityGlobals) = postSolution
		SolutionGuid = {93F4C550-2D3C-4A6B-B874-CC51BE049A07}
	EndGlobalSection
EndGlobal
